
Microsoft Visual Studio Solution File, Format Version 12.00
# Visual Studio Version 16
VisualStudioVersion = 16.0.29509.3
MinimumVisualStudioVersion = 10.0.40219.1
Project("{FAE04EC0-301F-11D3-BF4B-00C04F79EFBC}") = "BanHangLab08", "BanHangLab08\BanHangLab08.csproj", "{7D5E132A-F5E1-487D-ADEF-68EF345250D3}"
EndProject
Global
	GlobalSection(SolutionConfigurationPlatforms) = preSolution
		Debug|Any CPU = Debug|Any CPU
		Release|Any CPU = Release|Any CPU
	EndGlobalSection
	GlobalSection(ProjectConfigurationPlatforms) = postSolution
		{7D5E132A-F5E1-487D-ADEF-68EF345250D3}.Debug|Any CPU.ActiveCfg = Debug|Any CPU
		{7D5E132A-F5E1-487D-ADEF-68EF345250D3}.Debug|Any CPU.Build.0 = Debug|Any CPU
		{7D5E132A-F5E1-487D-ADEF-68EF345250D3}.Release|Any CPU.ActiveCfg = Release|Any CPU
		{7D5E132A-F5E1-487D-ADEF-68EF345250D3}.Release|Any CPU.Build.0 = Release|Any CPU
	EndGlobalSection
	GlobalSection(SolutionProperties) = preSolution
		HideSolutionNode = FALSE
	EndGlobalSection
	GlobalSection(ExtensibilityGlobals) = postSolution
		SolutionGuid = {5C42A290-290B-4AA5-B63A-67CE00AF69AD}
	EndGlobalSection
EndGlobal
